// !$*UTF8*$!
{
	archiveVersion = 1;
	classes = {
	};
	objectVersion = 50;
	objects = {

/* Begin PBXBuildFile section */
		9006433423D7ECE800A7CEB5 /* AppDelegate.swift in Sources */ = {isa = PBXBuildFile; fileRef = 9006433323D7ECE800A7CEB5 /* AppDelegate.swift */; };
		9006433623D7ECE800A7CEB5 /* SceneDelegate.swift in Sources */ = {isa = PBXBuildFile; fileRef = 9006433523D7ECE800A7CEB5 /* SceneDelegate.swift */; };
		9006433823D7ECE800A7CEB5 /* ContentView.swift in Sources */ = {isa = PBXBuildFile; fileRef = 9006433723D7ECE800A7CEB5 /* ContentView.swift */; };
		9006433A23D7ECF200A7CEB5 /* Assets.xcassets in Resources */ = {isa = PBXBuildFile; fileRef = 9006433923D7ECF200A7CEB5 /* Assets.xcassets */; };
		9006433D23D7ECF200A7CEB5 /* Preview Assets.xcassets in Resources */ = {isa = PBXBuildFile; fileRef = 9006433C23D7ECF200A7CEB5 /* Preview Assets.xcassets */; };
		9006434023D7ECF200A7CEB5 /* LaunchScreen.storyboard in Resources */ = {isa = PBXBuildFile; fileRef = 9006433E23D7ECF200A7CEB5 /* LaunchScreen.storyboard */; };
		9006434B23D7ECF200A7CEB5 /* LandmarksTests.swift in Sources */ = {isa = PBXBuildFile; fileRef = 9006434A23D7ECF200A7CEB5 /* LandmarksTests.swift */; };
		9006435623D7ECF200A7CEB5 /* LandmarksUITests.swift in Sources */ = {isa = PBXBuildFile; fileRef = 9006435523D7ECF200A7CEB5 /* LandmarksUITests.swift */; };
		9006436423DF48D800A7CEB5 /* CircleImage.swift in Sources */ = {isa = PBXBuildFile; fileRef = 9006436323DF48D800A7CEB5 /* CircleImage.swift */; };
		9006436623DF4B6700A7CEB5 /* MapView.swift in Sources */ = {isa = PBXBuildFile; fileRef = 9006436523DF4B6700A7CEB5 /* MapView.swift */; };
/* End PBXBuildFile section */

/* Begin PBXContainerItemProxy section */
		9006434723D7ECF200A7CEB5 /* PBXContainerItemProxy */ = {
			isa = PBXContainerItemProxy;
			containerPortal = 9006432823D7ECE800A7CEB5 /* Project object */;
			proxyType = 1;
			remoteGlobalIDString = 9006432F23D7ECE800A7CEB5;
			remoteInfo = Landmarks;
		};
		9006435223D7ECF200A7CEB5 /* PBXContainerItemProxy */ = {
			isa = PBXContainerItemProxy;
			containerPortal = 9006432823D7ECE800A7CEB5 /* Project object */;
			proxyType = 1;
			remoteGlobalIDString = 9006432F23D7ECE800A7CEB5;
			remoteInfo = Landmarks;
		};
/* End PBXContainerItemProxy section */

/* Begin PBXFileReference section */
		9006433023D7ECE800A7CEB5 /* Landmarks.app */ = {isa = PBXFileReference; explicitFileType = wrapper.application; includeInIndex = 0; path = Landmarks.app; sourceTree = BUILT_PRODUCTS_DIR; };
		9006433323D7ECE800A7CEB5 /* AppDelegate.swift */ = {isa = PBXFileReference; lastKnownFileType = sourcecode.swift; path = AppDelegate.swift; sourceTree = "<group>"; };
		9006433523D7ECE800A7CEB5 /* SceneDelegate.swift */ = {isa = PBXFileReference; lastKnownFileType = sourcecode.swift; path = SceneDelegate.swift; sourceTree = "<group>"; };
		9006433723D7ECE800A7CEB5 /* ContentView.swift */ = {isa = PBXFileReference; lastKnownFileType = sourcecode.swift; path = ContentView.swift; sourceTree = "<group>"; };
		9006433923D7ECF200A7CEB5 /* Assets.xcassets */ = {isa = PBXFileReference; lastKnownFileType = folder.assetcatalog; path = Assets.xcassets; sourceTree = "<group>"; };
		9006433C23D7ECF200A7CEB5 /* Preview Assets.xcassets */ = {isa = PBXFileReference; lastKnownFileType = folder.assetcatalog; path = "Preview Assets.xcassets"; sourceTree = "<group>"; };
		9006433F23D7ECF200A7CEB5 /* Base */ = {isa = PBXFileReference; lastKnownFileType = file.storyboard; name = Base; path = Base.lproj/LaunchScreen.storyboard; sourceTree = "<group>"; };
		9006434123D7ECF200A7CEB5 /* Info.plist */ = {isa = PBXFileReference; lastKnownFileType = text.plist.xml; path = Info.plist; sourceTree = "<group>"; };
		9006434623D7ECF200A7CEB5 /* LandmarksTests.xctest */ = {isa = PBXFileReference; explicitFileType = wrapper.cfbundle; includeInIndex = 0; path = LandmarksTests.xctest; sourceTree = BUILT_PRODUCTS_DIR; };
		9006434A23D7ECF200A7CEB5 /* LandmarksTests.swift */ = {isa = PBXFileReference; lastKnownFileType = sourcecode.swift; path = LandmarksTests.swift; sourceTree = "<group>"; };
		9006434C23D7ECF200A7CEB5 /* Info.plist */ = {isa = PBXFileReference; lastKnownFileType = text.plist.xml; path = Info.plist; sourceTree = "<group>"; };
		9006435123D7ECF200A7CEB5 /* LandmarksUITests.xctest */ = {isa = PBXFileReference; explicitFileType = wrapper.cfbundle; includeInIndex = 0; path = LandmarksUITests.xctest; sourceTree = BUILT_PRODUCTS_DIR; };
		9006435523D7ECF200A7CEB5 /* LandmarksUITests.swift */ = {isa = PBXFileReference; lastKnownFileType = sourcecode.swift; path = LandmarksUITests.swift; sourceTree = "<group>"; };
		9006435723D7ECF200A7CEB5 /* Info.plist */ = {isa = PBXFileReference; lastKnownFileType = text.plist.xml; path = Info.plist; sourceTree = "<group>"; };
		9006436323DF48D800A7CEB5 /* CircleImage.swift */ = {isa = PBXFileReference; lastKnownFileType = sourcecode.swift; path = CircleImage.swift; sourceTree = "<group>"; };
		9006436523DF4B6700A7CEB5 /* MapView.swift */ = {isa = PBXFileReference; lastKnownFileType = sourcecode.swift; path = MapView.swift; sourceTree = "<group>"; };
/* End PBXFileReference section */

/* Begin PBXFrameworksBuildPhase section */
		9006432D23D7ECE800A7CEB5 /* Frameworks */ = {
			isa = PBXFrameworksBuildPhase;
			buildActionMask = 2147483647;
			files = (
			);
			runOnlyForDeploymentPostprocessing = 0;
		};
		9006434323D7ECF200A7CEB5 /* Frameworks */ = {
			isa = PBXFrameworksBuildPhase;
			buildActionMask = 2147483647;
			files = (
			);
			runOnlyForDeploymentPostprocessing = 0;
		};
		9006434E23D7ECF200A7CEB5 /* Frameworks */ = {
			isa = PBXFrameworksBuildPhase;
			buildActionMask = 2147483647;
			files = (
			);
			runOnlyForDeploymentPostprocessing = 0;
		};
/* End PBXFrameworksBuildPhase section */

/* Begin PBXGroup section */
		9006432723D7ECE800A7CEB5 = {
			isa = PBXGroup;
			children = (
				9006433223D7ECE800A7CEB5 /* Landmarks */,
				9006434923D7ECF200A7CEB5 /* LandmarksTests */,
				9006435423D7ECF200A7CEB5 /* LandmarksUITests */,
				9006433123D7ECE800A7CEB5 /* Products */,
			);
			sourceTree = "<group>";
		};
		9006433123D7ECE800A7CEB5 /* Products */ = {
			isa = PBXGroup;
			children = (
				9006433023D7ECE800A7CEB5 /* Landmarks.app */,
				9006434623D7ECF200A7CEB5 /* LandmarksTests.xctest */,
				9006435123D7ECF200A7CEB5 /* LandmarksUITests.xctest */,
			);
			name = Products;
			sourceTree = "<group>";
		};
		9006433223D7ECE800A7CEB5 /* Landmarks */ = {
			isa = PBXGroup;
			children = (
				9006433323D7ECE800A7CEB5 /* AppDelegate.swift */,
				9006433523D7ECE800A7CEB5 /* SceneDelegate.swift */,
				9006433723D7ECE800A7CEB5 /* ContentView.swift */,
				9006433923D7ECF200A7CEB5 /* Assets.xcassets */,
				9006436323DF48D800A7CEB5 /* CircleImage.swift */,
				9006436523DF4B6700A7CEB5 /* MapView.swift */,
				9006433E23D7ECF200A7CEB5 /* LaunchScreen.storyboard */,
				9006434123D7ECF200A7CEB5 /* Info.plist */,
				9006433B23D7ECF200A7CEB5 /* Preview Content */,
			);
			path = Landmarks;
			sourceTree = "<group>";
		};
		9006433B23D7ECF200A7CEB5 /* Preview Content */ = {
			isa = PBXGroup;
			children = (
				9006433C23D7ECF200A7CEB5 /* Preview Assets.xcassets */,
			);
			path = "Preview Content";
			sourceTree = "<group>";
		};
		9006434923D7ECF200A7CEB5 /* LandmarksTests */ = {
			isa = PBXGroup;
			children = (
				9006434A23D7ECF200A7CEB5 /* LandmarksTests.swift */,
				9006434C23D7ECF200A7CEB5 /* Info.plist */,
			);
			path = LandmarksTests;
			sourceTree = "<group>";
		};
		9006435423D7ECF200A7CEB5 /* LandmarksUITests */ = {
			isa = PBXGroup;
			children = (
				9006435523D7ECF200A7CEB5 /* LandmarksUITests.swift */,
				9006435723D7ECF200A7CEB5 /* Info.plist */,
			);
			path = LandmarksUITests;
			sourceTree = "<group>";
		};
/* End PBXGroup section */

/* Begin PBXNativeTarget section */
		9006432F23D7ECE800A7CEB5 /* Landmarks */ = {
			isa = PBXNativeTarget;
			buildConfigurationList = 9006435A23D7ECF200A7CEB5 /* Build configuration list for PBXNativeTarget "Landmarks" */;
			buildPhases = (
				9006432C23D7ECE800A7CEB5 /* Sources */,
				9006432D23D7ECE800A7CEB5 /* Frameworks */,
				9006432E23D7ECE800A7CEB5 /* Resources */,
			);
			buildRules = (
			);
			dependencies = (
			);
			name = Landmarks;
			productName = Landmarks;
			productReference = 9006433023D7ECE800A7CEB5 /* Landmarks.app */;
			productType = "com.apple.product-type.application";
		};
		9006434523D7ECF200A7CEB5 /* LandmarksTests */ = {
			isa = PBXNativeTarget;
			buildConfigurationList = 9006435D23D7ECF200A7CEB5 /* Build configuration list for PBXNativeTarget "LandmarksTests" */;
			buildPhases = (
				9006434223D7ECF200A7CEB5 /* Sources */,
				9006434323D7ECF200A7CEB5 /* Frameworks */,
				9006434423D7ECF200A7CEB5 /* Resources */,
			);
			buildRules = (
			);
			dependencies = (
				9006434823D7ECF200A7CEB5 /* PBXTargetDependency */,
			);
			name = LandmarksTests;
			productName = LandmarksTests;
			productReference = 9006434623D7ECF200A7CEB5 /* LandmarksTests.xctest */;
			productType = "com.apple.product-type.bundle.unit-test";
		};
		9006435023D7ECF200A7CEB5 /* LandmarksUITests */ = {
			isa = PBXNativeTarget;
			buildConfigurationList = 9006436023D7ECF200A7CEB5 /* Build configuration list for PBXNativeTarget "LandmarksUITests" */;
			buildPhases = (
				9006434D23D7ECF200A7CEB5 /* Sources */,
				9006434E23D7ECF200A7CEB5 /* Frameworks */,
				9006434F23D7ECF200A7CEB5 /* Resources */,
			);
			buildRules = (
			);
			dependencies = (
				9006435323D7ECF200A7CEB5 /* PBXTargetDependency */,
			);
			name = LandmarksUITests;
			productName = LandmarksUITests;
			productReference = 9006435123D7ECF200A7CEB5 /* LandmarksUITests.xctest */;
			productType = "com.apple.product-type.bundle.ui-testing";
		};
/* End PBXNativeTarget section */

/* Begin PBXProject section */
		9006432823D7ECE800A7CEB5 /* Project object */ = {
			isa = PBXProject;
			attributes = {
				LastSwiftUpdateCheck = 1130;
				LastUpgradeCheck = 1130;
				ORGANIZATIONNAME = "周椿杰";
				TargetAttributes = {
					9006432F23D7ECE800A7CEB5 = {
						CreatedOnToolsVersion = 11.3.1;
					};
					9006434523D7ECF200A7CEB5 = {
						CreatedOnToolsVersion = 11.3.1;
						TestTargetID = 9006432F23D7ECE800A7CEB5;
					};
					9006435023D7ECF200A7CEB5 = {
						CreatedOnToolsVersion = 11.3.1;
						TestTargetID = 9006432F23D7ECE800A7CEB5;
					};
				};
			};
			buildConfigurationList = 9006432B23D7ECE800A7CEB5 /* Build configuration list for PBXProject "Landmarks" */;
			compatibilityVersion = "Xcode 9.3";
			developmentRegion = en;
			hasScannedForEncodings = 0;
			knownRegions = (
				en,
				Base,
			);
			mainGroup = 9006432723D7ECE800A7CEB5;
			productRefGroup = 9006433123D7ECE800A7CEB5 /* Products */;
			projectDirPath = "";
			projectRoot = "";
			targets = (
				9006432F23D7ECE800A7CEB5 /* Landmarks */,
				9006434523D7ECF200A7CEB5 /* LandmarksTests */,
				9006435023D7ECF200A7CEB5 /* LandmarksUITests */,
			);
		};
/* End PBXProject section */

/* Begin PBXResourcesBuildPhase section */
		9006432E23D7ECE800A7CEB5 /* Resources */ = {
			isa = PBXResourcesBuildPhase;
			buildActionMask = 2147483647;
			files = (
				9006434023D7ECF200A7CEB5 /* LaunchScreen.storyboard in Resources */,
				9006433D23D7ECF200A7CEB5 /* Preview Assets.xcassets in Resources */,
				9006433A23D7ECF200A7CEB5 /* Assets.xcassets in Resources */,
			);
			runOnlyForDeploymentPostprocessing = 0;
		};
		9006434423D7ECF200A7CEB5 /* Resources */ = {
			isa = PBXResourcesBuildPhase;
			buildActionMask = 2147483647;
			files = (
			);
			runOnlyForDeploymentPostprocessing = 0;
		};
		9006434F23D7ECF200A7CEB5 /* Resources */ = {
			isa = PBXResourcesBuildPhase;
			buildActionMask = 2147483647;
			files = (
			);
			runOnlyForDeploymentPostprocessing = 0;
		};
/* End PBXResourcesBuildPhase section */

/* Begin PBXSourcesBuildPhase section */
		9006432C23D7ECE800A7CEB5 /* Sources */ = {
			isa = PBXSourcesBuildPhase;
			buildActionMask = 2147483647;
			files = (
				9006433423D7ECE800A7CEB5 /* AppDelegate.swift in Sources */,
				9006436423DF48D800A7CEB5 /* CircleImage.swift in Sources */,
				9006436623DF4B6700A7CEB5 /* MapView.swift in Sources */,
				9006433623D7ECE800A7CEB5 /* SceneDelegate.swift in Sources */,
				9006433823D7ECE800A7CEB5 /* ContentView.swift in Sources */,
			);
			runOnlyForDeploymentPostprocessing = 0;
		};
		9006434223D7ECF200A7CEB5 /* Sources */ = {
			isa = PBXSourcesBuildPhase;
			buildActionMask = 2147483647;
			files = (
				9006434B23D7ECF200A7CEB5 /* LandmarksTests.swift in Sources */,
			);
			runOnlyForDeploymentPostprocessing = 0;
		};
		9006434D23D7ECF200A7CEB5 /* Sources */ = {
			isa = PBXSourcesBuildPhase;
			buildActionMask = 2147483647;
			files = (
				9006435623D7ECF200A7CEB5 /* LandmarksUITests.swift in Sources */,
			);
			runOnlyForDeploymentPostprocessing = 0;
		};
/* End PBXSourcesBuildPhase section */

/* Begin PBXTargetDependency section */
		9006434823D7ECF200A7CEB5 /* PBXTargetDependency */ = {
			isa = PBXTargetDependency;
			target = 9006432F23D7ECE800A7CEB5 /* Landmarks */;
			targetProxy = 9006434723D7ECF200A7CEB5 /* PBXContainerItemProxy */;
		};
		9006435323D7ECF200A7CEB5 /* PBXTargetDependency */ = {
			isa = PBXTargetDependency;
			target = 9006432F23D7ECE800A7CEB5 /* Landmarks */;
			targetProxy = 9006435223D7ECF200A7CEB5 /* PBXContainerItemProxy */;
		};
/* End PBXTargetDependency section */

/* Begin PBXVariantGroup section */
		9006433E23D7ECF200A7CEB5 /* LaunchScreen.storyboard */ = {
			isa = PBXVariantGroup;
			children = (
				9006433F23D7ECF200A7CEB5 /* Base */,
			);
			name = LaunchScreen.storyboard;
			sourceTree = "<group>";
		};
/* End PBXVariantGroup section */

/* Begin XCBuildConfiguration section */
		9006435823D7ECF200A7CEB5 /* Debug */ = {
			isa = XCBuildConfiguration;
			buildSettings = {
				ALWAYS_SEARCH_USER_PATHS = NO;
				CLANG_ANALYZER_NONNULL = YES;
				CLANG_ANALYZER_NUMBER_OBJECT_CONVERSION = YES_AGGRESSIVE;
				CLANG_CXX_LANGUAGE_STANDARD = "gnu++14";
				CLANG_CXX_LIBRARY = "libc++";
				CLANG_ENABLE_MODULES = YES;
				CLANG_ENABLE_OBJC_ARC = YES;
				CLANG_ENABLE_OBJC_WEAK = YES;
				CLANG_WARN_BLOCK_CAPTURE_AUTORELEASING = YES;
				CLANG_WARN_BOOL_CONVERSION = YES;
				CLANG_WARN_COMMA = YES;
				CLANG_WARN_CONSTANT_CONVERSION = YES;
				CLANG_WARN_DEPRECATED_OBJC_IMPLEMENTATIONS = YES;
				CLANG_WARN_DIRECT_OBJC_ISA_USAGE = YES_ERROR;
				CLANG_WARN_DOCUMENTATION_COMMENTS = YES;
				CLANG_WARN_EMPTY_BODY = YES;
				CLANG_WARN_ENUM_CONVERSION = YES;
				CLANG_WARN_INFINITE_RECURSION = YES;
				CLANG_WARN_INT_CONVERSION = YES;
				CLANG_WARN_NON_LITERAL_NULL_CONVERSION = YES;
				CLANG_WARN_OBJC_IMPLICIT_RETAIN_SELF = YES;
				CLANG_WARN_OBJC_LITERAL_CONVERSION = YES;
				CLANG_WARN_OBJC_ROOT_CLASS = YES_ERROR;
				CLANG_WARN_RANGE_LOOP_ANALYSIS = YES;
				CLANG_WARN_STRICT_PROTOTYPES = YES;
				CLANG_WARN_SUSPICIOUS_MOVE = YES;
				CLANG_WARN_UNGUARDED_AVAILABILITY = YES_AGGRESSIVE;
				CLANG_WARN_UNREACHABLE_CODE = YES;
				CLANG_WARN__DUPLICATE_METHOD_MATCH = YES;
				COPY_PHASE_STRIP = NO;
				DEBUG_INFORMATION_FORMAT = dwarf;
				ENABLE_STRICT_OBJC_MSGSEND = YES;
				ENABLE_TESTABILITY = YES;
				GCC_C_LANGUAGE_STANDARD = gnu11;
				GCC_DYNAMIC_NO_PIC = NO;
				GCC_NO_COMMON_BLOCKS = YES;
				GCC_OPTIMIZATION_LEVEL = 0;
				GCC_PREPROCESSOR_DEFINITIONS = (
					"DEBUG=1",
					"$(inherited)",
				);
				GCC_WARN_64_TO_32_BIT_CONVERSION = YES;
				GCC_WARN_ABOUT_RETURN_TYPE = YES_ERROR;
				GCC_WARN_UNDECLARED_SELECTOR = YES;
				GCC_WARN_UNINITIALIZED_AUTOS = YES_AGGRESSIVE;
				GCC_WARN_UNUSED_FUNCTION = YES;
				GCC_WARN_UNUSED_VARIABLE = YES;
				IPHONEOS_DEPLOYMENT_TARGET = 13.2;
				MTL_ENABLE_DEBUG_INFO = INCLUDE_SOURCE;
				MTL_FAST_MATH = YES;
				ONLY_ACTIVE_ARCH = YES;
				SDKROOT = iphoneos;
				SWIFT_ACTIVE_COMPILATION_CONDITIONS = DEBUG;
				SWIFT_OPTIMIZATION_LEVEL = "-Onone";
			};
			name = Debug;
		};
		9006435923D7ECF200A7CEB5 /* Release */ = {
			isa = XCBuildConfiguration;
			buildSettings = {
				ALWAYS_SEARCH_USER_PATHS = NO;
				CLANG_ANALYZER_NONNULL = YES;
				CLANG_ANALYZER_NUMBER_OBJECT_CONVERSION = YES_AGGRESSIVE;
				CLANG_CXX_LANGUAGE_STANDARD = "gnu++14";
				CLANG_CXX_LIBRARY = "libc++";
				CLANG_ENABLE_MODULES = YES;
				CLANG_ENABLE_OBJC_ARC = YES;
				CLANG_ENABLE_OBJC_WEAK = YES;
				CLANG_WARN_BLOCK_CAPTURE_AUTORELEASING = YES;
				CLANG_WARN_BOOL_CONVERSION = YES;
				CLANG_WARN_COMMA = YES;
				CLANG_WARN_CONSTANT_CONVERSION = YES;
				CLANG_WARN_DEPRECATED_OBJC_IMPLEMENTATIONS = YES;
				CLANG_WARN_DIRECT_OBJC_ISA_USAGE = YES_ERROR;
				CLANG_WARN_DOCUMENTATION_COMMENTS = YES;
				CLANG_WARN_EMPTY_BODY = YES;
				CLANG_WARN_ENUM_CONVERSION = YES;
				CLANG_WARN_INFINITE_RECURSION = YES;
				CLANG_WARN_INT_CONVERSION = YES;
				CLANG_WARN_NON_LITERAL_NULL_CONVERSION = YES;
				CLANG_WARN_OBJC_IMPLICIT_RETAIN_SELF = YES;
				CLANG_WARN_OBJC_LITERAL_CONVERSION = YES;
				CLANG_WARN_OBJC_ROOT_CLASS = YES_ERROR;
				CLANG_WARN_RANGE_LOOP_ANALYSIS = YES;
				CLANG_WARN_STRICT_PROTOTYPES = YES;
				CLANG_WARN_SUSPICIOUS_MOVE = YES;
				CLANG_WARN_UNGUARDED_AVAILABILITY = YES_AGGRESSIVE;
				CLANG_WARN_UNREACHABLE_CODE = YES;
				CLANG_WARN__DUPLICATE_METHOD_MATCH = YES;
				COPY_PHASE_STRIP = NO;
				DEBUG_INFORMATION_FORMAT = "dwarf-with-dsym";
				ENABLE_NS_ASSERTIONS = NO;
				ENABLE_STRICT_OBJC_MSGSEND = YES;
				GCC_C_LANGUAGE_STANDARD = gnu11;
				GCC_NO_COMMON_BLOCKS = YES;
				GCC_WARN_64_TO_32_BIT_CONVERSION = YES;
				GCC_WARN_ABOUT_RETURN_TYPE = YES_ERROR;
				GCC_WARN_UNDECLARED_SELECTOR = YES;
				GCC_WARN_UNINITIALIZED_AUTOS = YES_AGGRESSIVE;
				GCC_WARN_UNUSED_FUNCTION = YES;
				GCC_WARN_UNUSED_VARIABLE = YES;
				IPHONEOS_DEPLOYMENT_TARGET = 13.2;
				MTL_ENABLE_DEBUG_INFO = NO;
				MTL_FAST_MATH = YES;
				SDKROOT = iphoneos;
				SWIFT_COMPILATION_MODE = wholemodule;
				SWIFT_OPTIMIZATION_LEVEL = "-O";
				VALIDATE_PRODUCT = YES;
			};
			name = Release;
		};
		9006435B23D7ECF200A7CEB5 /* Debug */ = {
			isa = XCBuildConfiguration;
			buildSettings = {
				ASSETCATALOG_COMPILER_APPICON_NAME = AppIcon;
				CODE_SIGN_STYLE = Automatic;
				DEVELOPMENT_ASSET_PATHS = "\"Landmarks/Preview Content\"";
				DEVELOPMENT_TEAM = LUCG367MSW;
				ENABLE_PREVIEWS = YES;
				INFOPLIST_FILE = Landmarks/Info.plist;
				LD_RUNPATH_SEARCH_PATHS = (
					"$(inherited)",
					"@executable_path/Frameworks",
				);
				PRODUCT_BUNDLE_IDENTIFIER = com.leozhou.Landmarks;
				PRODUCT_NAME = "$(TARGET_NAME)";
				SWIFT_VERSION = 5.0;
				TARGETED_DEVICE_FAMILY = "1,2";
			};
			name = Debug;
		};
		9006435C23D7ECF200A7CEB5 /* Release */ = {
			isa = XCBuildConfiguration;
			buildSettings = {
				ASSETCATALOG_COMPILER_APPICON_NAME = AppIcon;
				CODE_SIGN_STYLE = Automatic;
				DEVELOPMENT_ASSET_PATHS = "\"Landmarks/Preview Content\"";
				DEVELOPMENT_TEAM = LUCG367MSW;
				ENABLE_PREVIEWS = YES;
				INFOPLIST_FILE = Landmarks/Info.plist;
				LD_RUNPATH_SEARCH_PATHS = (
					"$(inherited)",
					"@executable_path/Frameworks",
				);
				PRODUCT_BUNDLE_IDENTIFIER = com.leozhou.Landmarks;
				PRODUCT_NAME = "$(TARGET_NAME)";
				SWIFT_VERSION = 5.0;
				TARGETED_DEVICE_FAMILY = "1,2";
			};
			name = Release;
		};
		9006435E23D7ECF200A7CEB5 /* Debug */ = {
			isa = XCBuildConfiguration;
			buildSettings = {
				ALWAYS_EMBED_SWIFT_STANDARD_LIBRARIES = YES;
				BUNDLE_LOADER = "$(TEST_HOST)";
				CODE_SIGN_STYLE = Automatic;
				DEVELOPMENT_TEAM = LUCG367MSW;
				INFOPLIST_FILE = LandmarksTests/Info.plist;
				IPHONEOS_DEPLOYMENT_TARGET = 13.2;
				LD_RUNPATH_SEARCH_PATHS = (
					"$(inherited)",
					"@executable_path/Frameworks",
					"@loader_path/Frameworks",
				);
				PRODUCT_BUNDLE_IDENTIFIER = com.leozhou.LandmarksTests;
				PRODUCT_NAME = "$(TARGET_NAME)";
				SWIFT_VERSION = 5.0;
				TARGETED_DEVICE_FAMILY = "1,2";
				TEST_HOST = "$(BUILT_PRODUCTS_DIR)/Landmarks.app/Landmarks";
			};
			name = Debug;
		};
		9006435F23D7ECF200A7CEB5 /* Release */ = {
			isa = XCBuildConfiguration;
			buildSettings = {
				ALWAYS_EMBED_SWIFT_STANDARD_LIBRARIES = YES;
				BUNDLE_LOADER = "$(TEST_HOST)";
				CODE_SIGN_STYLE = Automatic;
				DEVELOPMENT_TEAM = LUCG367MSW;
				INFOPLIST_FILE = LandmarksTests/Info.plist;
				IPHONEOS_DEPLOYMENT_TARGET = 13.2;
				LD_RUNPATH_SEARCH_PATHS = (
					"$(inherited)",
					"@executable_path/Frameworks",
					"@loader_path/Frameworks",
				);
				PRODUCT_BUNDLE_IDENTIFIER = com.leozhou.LandmarksTests;
				PRODUCT_NAME = "$(TARGET_NAME)";
				SWIFT_VERSION = 5.0;
				TARGETED_DEVICE_FAMILY = "1,2";
				TEST_HOST = "$(BUILT_PRODUCTS_DIR)/Landmarks.app/Landmarks";
			};
			name = Release;
		};
		9006436123D7ECF200A7CEB5 /* Debug */ = {
			isa = XCBuildConfiguration;
			buildSettings = {
				ALWAYS_EMBED_SWIFT_STANDARD_LIBRARIES = YES;
				CODE_SIGN_STYLE = Automatic;
				DEVELOPMENT_TEAM = LUCG367MSW;
				INFOPLIST_FILE = LandmarksUITests/Info.plist;
				LD_RUNPATH_SEARCH_PATHS = (
					"$(inherited)",
					"@executable_path/Frameworks",
					"@loader_path/Frameworks",
				);
				PRODUCT_BUNDLE_IDENTIFIER = com.leozhou.LandmarksUITests;
				PRODUCT_NAME = "$(TARGET_NAME)";
				SWIFT_VERSION = 5.0;
				TARGETED_DEVICE_FAMILY = "1,2";
				TEST_TARGET_NAME = Landmarks;
			};
			name = Debug;
		};
		9006436223D7ECF200A7CEB5 /* Release */ = {
			isa = XCBuildConfiguration;
			buildSettings = {
				ALWAYS_EMBED_SWIFT_STANDARD_LIBRARIES = YES;
				CODE_SIGN_STYLE = Automatic;
				DEVELOPMENT_TEAM = LUCG367MSW;
				INFOPLIST_FILE = LandmarksUITests/Info.plist;
				LD_RUNPATH_SEARCH_PATHS = (
					"$(inherited)",
					"@executable_path/Frameworks",
					"@loader_path/Frameworks",
				);
				PRODUCT_BUNDLE_IDENTIFIER = com.leozhou.LandmarksUITests;
				PRODUCT_NAME = "$(TARGET_NAME)";
				SWIFT_VERSION = 5.0;
				TARGETED_DEVICE_FAMILY = "1,2";
				TEST_TARGET_NAME = Landmarks;
			};
			name = Release;
		};
/* End XCBuildConfiguration section */

/* Begin XCConfigurationList section */
		9006432B23D7ECE800A7CEB5 /* Build configuration list for PBXProject "Landmarks" */ = {
			isa = XCConfigurationList;
			buildConfigurations = (
				9006435823D7ECF200A7CEB5 /* Debug */,
				9006435923D7ECF200A7CEB5 /* Release */,
			);
			defaultConfigurationIsVisible = 0;
			defaultConfigurationName = Release;
		};
		9006435A23D7ECF200A7CEB5 /* Build configuration list for PBXNativeTarget "Landmarks" */ = {
			isa = XCConfigurationList;
			buildConfigurations = (
				9006435B23D7ECF200A7CEB5 /* Debug */,
				9006435C23D7ECF200A7CEB5 /* Release */,
			);
			defaultConfigurationIsVisible = 0;
			defaultConfigurationName = Release;
		};
		9006435D23D7ECF200A7CEB5 /* Build configuration list for PBXNativeTarget "LandmarksTests" */ = {
			isa = XCConfigurationList;
			buildConfigurations = (
				9006435E23D7ECF200A7CEB5 /* Debug */,
				9006435F23D7ECF200A7CEB5 /* Release */,
			);
			defaultConfigurationIsVisible = 0;
			defaultConfigurationName = Release;
		};
		9006436023D7ECF200A7CEB5 /* Build configuration list for PBXNativeTarget "LandmarksUITests" */ = {
			isa = XCConfigurationList;
			buildConfigurations = (
				9006436123D7ECF200A7CEB5 /* Debug */,
				9006436223D7ECF200A7CEB5 /* Release */,
			);
			defaultConfigurationIsVisible = 0;
			defaultConfigurationName = Release;
		};
/* End XCConfigurationList section */
	};
	rootObject = 9006432823D7ECE800A7CEB5 /* Project object */;
}
